// !$*UTF8*$!
{
	archiveVersion = 1;
	classes = {
	};
	objectVersion = 50;
	objects = {

/* Begin PBXBuildFile section */
		9381F68525E9698100F225E8 /* CustomExtensions.framework in Frameworks */ = {isa = PBXBuildFile; fileRef = 9381F67B25E9698000F225E8 /* CustomExtensions.framework */; };
		9381F68A25E9698100F225E8 /* CustomExtensionsTests.swift in Sources */ = {isa = PBXBuildFile; fileRef = 9381F68925E9698100F225E8 /* CustomExtensionsTests.swift */; };
		9381F68C25E9698100F225E8 /* CustomExtensions.h in Headers */ = {isa = PBXBuildFile; fileRef = 9381F67E25E9698100F225E8 /* CustomExtensions.h */; settings = {ATTRIBUTES = (Public, ); }; };
		9381F6A025E969AB00F225E8 /* TableViewController+Extension.swift in Sources */ = {isa = PBXBuildFile; fileRef = 9381F69925E969AB00F225E8 /* TableViewController+Extension.swift */; };
		9381F6A125E969AB00F225E8 /* String+Extension.swift in Sources */ = {isa = PBXBuildFile; fileRef = 9381F69A25E969AB00F225E8 /* String+Extension.swift */; };
		9381F6A225E969AB00F225E8 /* UIView+Extension.swift in Sources */ = {isa = PBXBuildFile; fileRef = 9381F69B25E969AB00F225E8 /* UIView+Extension.swift */; };
		9381F6A325E969AB00F225E8 /* UIViewController+Extension.swift in Sources */ = {isa = PBXBuildFile; fileRef = 9381F69C25E969AB00F225E8 /* UIViewController+Extension.swift */; };
		9381F6A425E969AB00F225E8 /* Decimal+Extension.swift in Sources */ = {isa = PBXBuildFile; fileRef = 9381F69D25E969AB00F225E8 /* Decimal+Extension.swift */; };
/* End PBXBuildFile section */

/* Begin PBXContainerItemProxy section */
		9381F68625E9698100F225E8 /* PBXContainerItemProxy */ = {
			isa = PBXContainerItemProxy;
			containerPortal = 9381F67225E9698000F225E8 /* Project object */;
			proxyType = 1;
			remoteGlobalIDString = 9381F67A25E9698000F225E8;
			remoteInfo = CustomExtensions;
		};
/* End PBXContainerItemProxy section */

/* Begin PBXFileReference section */
		9381F67B25E9698000F225E8 /* CustomExtensions.framework */ = {isa = PBXFileReference; explicitFileType = wrapper.framework; includeInIndex = 0; path = CustomExtensions.framework; sourceTree = BUILT_PRODUCTS_DIR; };
		9381F67E25E9698100F225E8 /* CustomExtensions.h */ = {isa = PBXFileReference; lastKnownFileType = sourcecode.c.h; path = CustomExtensions.h; sourceTree = "<group>"; };
		9381F67F25E9698100F225E8 /* Info.plist */ = {isa = PBXFileReference; lastKnownFileType = text.plist.xml; path = Info.plist; sourceTree = "<group>"; };
		9381F68425E9698100F225E8 /* CustomExtensionsTests.xctest */ = {isa = PBXFileReference; explicitFileType = wrapper.cfbundle; includeInIndex = 0; path = CustomExtensionsTests.xctest; sourceTree = BUILT_PRODUCTS_DIR; };
		9381F68925E9698100F225E8 /* CustomExtensionsTests.swift */ = {isa = PBXFileReference; lastKnownFileType = sourcecode.swift; path = CustomExtensionsTests.swift; sourceTree = "<group>"; };
		9381F68B25E9698100F225E8 /* Info.plist */ = {isa = PBXFileReference; lastKnownFileType = text.plist.xml; path = Info.plist; sourceTree = "<group>"; };
		9381F69925E969AB00F225E8 /* TableViewController+Extension.swift */ = {isa = PBXFileReference; fileEncoding = 4; lastKnownFileType = sourcecode.swift; path = "TableViewController+Extension.swift"; sourceTree = "<group>"; };
		9381F69A25E969AB00F225E8 /* String+Extension.swift */ = {isa = PBXFileReference; fileEncoding = 4; lastKnownFileType = sourcecode.swift; path = "String+Extension.swift"; sourceTree = "<group>"; };
		9381F69B25E969AB00F225E8 /* UIView+Extension.swift */ = {isa = PBXFileReference; fileEncoding = 4; lastKnownFileType = sourcecode.swift; path = "UIView+Extension.swift"; sourceTree = "<group>"; };
		9381F69C25E969AB00F225E8 /* UIViewController+Extension.swift */ = {isa = PBXFileReference; fileEncoding = 4; lastKnownFileType = sourcecode.swift; path = "UIViewController+Extension.swift"; sourceTree = "<group>"; };
		9381F69D25E969AB00F225E8 /* Decimal+Extension.swift */ = {isa = PBXFileReference; fileEncoding = 4; lastKnownFileType = sourcecode.swift; path = "Decimal+Extension.swift"; sourceTree = "<group>"; };
/* End PBXFileReference section */

/* Begin PBXFrameworksBuildPhase section */
		9381F67825E9698000F225E8 /* Frameworks */ = {
			isa = PBXFrameworksBuildPhase;
			buildActionMask = 2147483647;
			files = (
			);
			runOnlyForDeploymentPostprocessing = 0;
		};
		9381F68125E9698100F225E8 /* Frameworks */ = {
			isa = PBXFrameworksBuildPhase;
			buildActionMask = 2147483647;
			files = (
				9381F68525E9698100F225E8 /* CustomExtensions.framework in Frameworks */,
			);
			runOnlyForDeploymentPostprocessing = 0;
		};
/* End PBXFrameworksBuildPhase section */

/* Begin PBXGroup section */
		9381F67125E9698000F225E8 = {
			isa = PBXGroup;
			children = (
				9381F67D25E9698000F225E8 /* CustomExtensions */,
				9381F68825E9698100F225E8 /* CustomExtensionsTests */,
				9381F67C25E9698000F225E8 /* Products */,
			);
			sourceTree = "<group>";
		};
		9381F67C25E9698000F225E8 /* Products */ = {
			isa = PBXGroup;
			children = (
				9381F67B25E9698000F225E8 /* CustomExtensions.framework */,
				9381F68425E9698100F225E8 /* CustomExtensionsTests.xctest */,
			);
			name = Products;
			sourceTree = "<group>";
		};
		9381F67D25E9698000F225E8 /* CustomExtensions */ = {
			isa = PBXGroup;
			children = (
				9381F69D25E969AB00F225E8 /* Decimal+Extension.swift */,
				9381F69A25E969AB00F225E8 /* String+Extension.swift */,
				9381F69925E969AB00F225E8 /* TableViewController+Extension.swift */,
				9381F69B25E969AB00F225E8 /* UIView+Extension.swift */,
				9381F69C25E969AB00F225E8 /* UIViewController+Extension.swift */,
				9381F67E25E9698100F225E8 /* CustomExtensions.h */,
				9381F67F25E9698100F225E8 /* Info.plist */,
			);
			path = CustomExtensions;
			sourceTree = "<group>";
		};
		9381F68825E9698100F225E8 /* CustomExtensionsTests */ = {
			isa = PBXGroup;
			children = (
				9381F68925E9698100F225E8 /* CustomExtensionsTests.swift */,
				9381F68B25E9698100F225E8 /* Info.plist */,
			);
			path = CustomExtensionsTests;
			sourceTree = "<group>";
		};
/* End PBXGroup section */

/* Begin PBXHeadersBuildPhase section */
		9381F67625E9698000F225E8 /* Headers */ = {
			isa = PBXHeadersBuildPhase;
			buildActionMask = 2147483647;
			files = (
				9381F68C25E9698100F225E8 /* CustomExtensions.h in Headers */,
			);
			runOnlyForDeploymentPostprocessing = 0;
		};
/* End PBXHeadersBuildPhase section */

/* Begin PBXNativeTarget section */
		9381F67A25E9698000F225E8 /* CustomExtensions */ = {
			isa = PBXNativeTarget;
			buildConfigurationList = 9381F68F25E9698100F225E8 /* Build configuration list for PBXNativeTarget "CustomExtensions" */;
			buildPhases = (
				9381F67625E9698000F225E8 /* Headers */,
				9381F67725E9698000F225E8 /* Sources */,
				9381F67825E9698000F225E8 /* Frameworks */,
				9381F67925E9698000F225E8 /* Resources */,
			);
			buildRules = (
			);
			dependencies = (
			);
			name = CustomExtensions;
			productName = CustomExtensions;
			productReference = 9381F67B25E9698000F225E8 /* CustomExtensions.framework */;
			productType = "com.apple.product-type.framework";
		};
		9381F68325E9698100F225E8 /* CustomExtensionsTests */ = {
			isa = PBXNativeTarget;
			buildConfigurationList = 9381F69225E9698100F225E8 /* Build configuration list for PBXNativeTarget "CustomExtensionsTests" */;
			buildPhases = (
				9381F68025E9698100F225E8 /* Sources */,
				9381F68125E9698100F225E8 /* Frameworks */,
				9381F68225E9698100F225E8 /* Resources */,
			);
			buildRules = (
			);
			dependencies = (
				9381F68725E9698100F225E8 /* PBXTargetDependency */,
			);
			name = CustomExtensionsTests;
			productName = CustomExtensionsTests;
			productReference = 9381F68425E9698100F225E8 /* CustomExtensionsTests.xctest */;
			productType = "com.apple.product-type.bundle.unit-test";
		};
/* End PBXNativeTarget section */

/* Begin PBXProject section */
		9381F67225E9698000F225E8 /* Project object */ = {
			isa = PBXProject;
			attributes = {
				LastSwiftUpdateCheck = 1230;
				LastUpgradeCheck = 1230;
				TargetAttributes = {
					9381F67A25E9698000F225E8 = {
						CreatedOnToolsVersion = 12.3;
						LastSwiftMigration = 1230;
					};
					9381F68325E9698100F225E8 = {
						CreatedOnToolsVersion = 12.3;
					};
				};
			};
			buildConfigurationList = 9381F67525E9698000F225E8 /* Build configuration list for PBXProject "CustomExtensions" */;
			compatibilityVersion = "Xcode 9.3";
			developmentRegion = en;
			hasScannedForEncodings = 0;
			knownRegions = (
				en,
				Base,
			);
			mainGroup = 9381F67125E9698000F225E8;
			productRefGroup = 9381F67C25E9698000F225E8 /* Products */;
			projectDirPath = "";
			projectRoot = "";
			targets = (
				9381F67A25E9698000F225E8 /* CustomExtensions */,
				9381F68325E9698100F225E8 /* CustomExtensionsTests */,
			);
		};
/* End PBXProject section */

/* Begin PBXResourcesBuildPhase section */
		9381F67925E9698000F225E8 /* Resources */ = {
			isa = PBXResourcesBuildPhase;
			buildActionMask = 2147483647;
			files = (
			);
			runOnlyForDeploymentPostprocessing = 0;
		};
		9381F68225E9698100F225E8 /* Resources */ = {
			isa = PBXResourcesBuildPhase;
			buildActionMask = 2147483647;
			files = (
			);
			runOnlyForDeploymentPostprocessing = 0;
		};
/* End PBXResourcesBuildPhase section */

/* Begin PBXSourcesBuildPhase section */
		9381F67725E9698000F225E8 /* Sources */ = {
			isa = PBXSourcesBuildPhase;
			buildActionMask = 2147483647;
			files = (
				9381F6A325E969AB00F225E8 /* UIViewController+Extension.swift in Sources */,
				9381F6A125E969AB00F225E8 /* String+Extension.swift in Sources */,
				9381F6A425E969AB00F225E8 /* Decimal+Extension.swift in Sources */,
				9381F6A025E969AB00F225E8 /* TableViewController+Extension.swift in Sources */,
				9381F6A225E969AB00F225E8 /* UIView+Extension.swift in Sources */,
			);
			runOnlyForDeploymentPostprocessing = 0;
		};
		9381F68025E9698100F225E8 /* Sources */ = {
			isa = PBXSourcesBuildPhase;
			buildActionMask = 2147483647;
			files = (
				9381F68A25E9698100F225E8 /* CustomExtensionsTests.swift in Sources */,
			);
			runOnlyForDeploymentPostprocessing = 0;
		};
/* End PBXSourcesBuildPhase section */

/* Begin PBXTargetDependency section */
		9381F68725E9698100F225E8 /* PBXTargetDependency */ = {
			isa = PBXTargetDependency;
			target = 9381F67A25E9698000F225E8 /* CustomExtensions */;
			targetProxy = 9381F68625E9698100F225E8 /* PBXContainerItemProxy */;
		};
/* End PBXTargetDependency section */

/* Begin XCBuildConfiguration section */
		9381F68D25E9698100F225E8 /* Debug */ = {
			isa = XCBuildConfiguration;
			buildSettings = {
				ALWAYS_SEARCH_USER_PATHS = NO;
				CLANG_ANALYZER_NONNULL = YES;
				CLANG_ANALYZER_NUMBER_OBJECT_CONVERSION = YES_AGGRESSIVE;
				CLANG_CXX_LANGUAGE_STANDARD = "gnu++14";
				CLANG_CXX_LIBRARY = "libc++";
				CLANG_ENABLE_MODULES = YES;
				CLANG_ENABLE_OBJC_ARC = YES;
				CLANG_ENABLE_OBJC_WEAK = YES;
				CLANG_WARN_BLOCK_CAPTURE_AUTORELEASING = YES;
				CLANG_WARN_BOOL_CONVERSION = YES;
				CLANG_WARN_COMMA = YES;
				CLANG_WARN_CONSTANT_CONVERSION = YES;
				CLANG_WARN_DEPRECATED_OBJC_IMPLEMENTATIONS = YES;
				CLANG_WARN_DIRECT_OBJC_ISA_USAGE = YES_ERROR;
				CLANG_WARN_DOCUMENTATION_COMMENTS = YES;
				CLANG_WARN_EMPTY_BODY = YES;
				CLANG_WARN_ENUM_CONVERSION = YES;
				CLANG_WARN_INFINITE_RECURSION = YES;
				CLANG_WARN_INT_CONVERSION = YES;
				CLANG_WARN_NON_LITERAL_NULL_CONVERSION = YES;
				CLANG_WARN_OBJC_IMPLICIT_RETAIN_SELF = YES;
				CLANG_WARN_OBJC_LITERAL_CONVERSION = YES;
				CLANG_WARN_OBJC_ROOT_CLASS = YES_ERROR;
				CLANG_WARN_QUOTED_INCLUDE_IN_FRAMEWORK_HEADER = YES;
				CLANG_WARN_RANGE_LOOP_ANALYSIS = YES;
				CLANG_WARN_STRICT_PROTOTYPES = YES;
				CLANG_WARN_SUSPICIOUS_MOVE = YES;
				CLANG_WARN_UNGUARDED_AVAILABILITY = YES_AGGRESSIVE;
				CLANG_WARN_UNREACHABLE_CODE = YES;
				CLANG_WARN__DUPLICATE_METHOD_MATCH = YES;
				COPY_PHASE_STRIP = NO;
				CURRENT_PROJECT_VERSION = 1;
				DEBUG_INFORMATION_FORMAT = dwarf;
				ENABLE_STRICT_OBJC_MSGSEND = YES;
				ENABLE_TESTABILITY = YES;
				GCC_C_LANGUAGE_STANDARD = gnu11;
				GCC_DYNAMIC_NO_PIC = NO;
				GCC_NO_COMMON_BLOCKS = YES;
				GCC_OPTIMIZATION_LEVEL = 0;
				GCC_PREPROCESSOR_DEFINITIONS = (
					"DEBUG=1",
					"$(inherited)",
				);
				GCC_WARN_64_TO_32_BIT_CONVERSION = YES;
				GCC_WARN_ABOUT_RETURN_TYPE = YES_ERROR;
				GCC_WARN_UNDECLARED_SELECTOR = YES;
				GCC_WARN_UNINITIALIZED_AUTOS = YES_AGGRESSIVE;
				GCC_WARN_UNUSED_FUNCTION = YES;
				GCC_WARN_UNUSED_VARIABLE = YES;
				IPHONEOS_DEPLOYMENT_TARGET = 14.3;
				MTL_ENABLE_DEBUG_INFO = INCLUDE_SOURCE;
				MTL_FAST_MATH = YES;
				ONLY_ACTIVE_ARCH = YES;
				SDKROOT = iphoneos;
				SWIFT_ACTIVE_COMPILATION_CONDITIONS = DEBUG;
				SWIFT_OPTIMIZATION_LEVEL = "-Onone";
				VERSIONING_SYSTEM = "apple-generic";
				VERSION_INFO_PREFIX = "";
			};
			name = Debug;
		};
		9381F68E25E9698100F225E8 /* Release */ = {
			isa = XCBuildConfiguration;
			buildSettings = {
				ALWAYS_SEARCH_USER_PATHS = NO;
				CLANG_ANALYZER_NONNULL = YES;
				CLANG_ANALYZER_NUMBER_OBJECT_CONVERSION = YES_AGGRESSIVE;
				CLANG_CXX_LANGUAGE_STANDARD = "gnu++14";
				CLANG_CXX_LIBRARY = "libc++";
				CLANG_ENABLE_MODULES = YES;
				CLANG_ENABLE_OBJC_ARC = YES;
				CLANG_ENABLE_OBJC_WEAK = YES;
				CLANG_WARN_BLOCK_CAPTURE_AUTORELEASING = YES;
				CLANG_WARN_BOOL_CONVERSION = YES;
				CLANG_WARN_COMMA = YES;
				CLANG_WARN_CONSTANT_CONVERSION = YES;
				CLANG_WARN_DEPRECATED_OBJC_IMPLEMENTATIONS = YES;
				CLANG_WARN_DIRECT_OBJC_ISA_USAGE = YES_ERROR;
				CLANG_WARN_DOCUMENTATION_COMMENTS = YES;
				CLANG_WARN_EMPTY_BODY = YES;
				CLANG_WARN_ENUM_CONVERSION = YES;
				CLANG_WARN_INFINITE_RECURSION = YES;
				CLANG_WARN_INT_CONVERSION = YES;
				CLANG_WARN_NON_LITERAL_NULL_CONVERSION = YES;
				CLANG_WARN_OBJC_IMPLICIT_RETAIN_SELF = YES;
				CLANG_WARN_OBJC_LITERAL_CONVERSION = YES;
				CLANG_WARN_OBJC_ROOT_CLASS = YES_ERROR;
				CLANG_WARN_QUOTED_INCLUDE_IN_FRAMEWORK_HEADER = YES;
				CLANG_WARN_RANGE_LOOP_ANALYSIS = YES;
				CLANG_WARN_STRICT_PROTOTYPES = YES;
				CLANG_WARN_SUSPICIOUS_MOVE = YES;
				CLANG_WARN_UNGUARDED_AVAILABILITY = YES_AGGRESSIVE;
				CLANG_WARN_UNREACHABLE_CODE = YES;
				CLANG_WARN__DUPLICATE_METHOD_MATCH = YES;
				COPY_PHASE_STRIP = NO;
				CURRENT_PROJECT_VERSION = 1;
				DEBUG_INFORMATION_FORMAT = "dwarf-with-dsym";
				ENABLE_NS_ASSERTIONS = NO;
				ENABLE_STRICT_OBJC_MSGSEND = YES;
				GCC_C_LANGUAGE_STANDARD = gnu11;
				GCC_NO_COMMON_BLOCKS = YES;
				GCC_WARN_64_TO_32_BIT_CONVERSION = YES;
				GCC_WARN_ABOUT_RETURN_TYPE = YES_ERROR;
				GCC_WARN_UNDECLARED_SELECTOR = YES;
				GCC_WARN_UNINITIALIZED_AUTOS = YES_AGGRESSIVE;
				GCC_WARN_UNUSED_FUNCTION = YES;
				GCC_WARN_UNUSED_VARIABLE = YES;
				IPHONEOS_DEPLOYMENT_TARGET = 14.3;
				MTL_ENABLE_DEBUG_INFO = NO;
				MTL_FAST_MATH = YES;
				SDKROOT = iphoneos;
				SWIFT_COMPILATION_MODE = wholemodule;
				SWIFT_OPTIMIZATION_LEVEL = "-O";
				VALIDATE_PRODUCT = YES;
				VERSIONING_SYSTEM = "apple-generic";
				VERSION_INFO_PREFIX = "";
			};
			name = Release;
		};
		9381F69025E9698100F225E8 /* Debug */ = {
			isa = XCBuildConfiguration;
			buildSettings = {
				CLANG_ENABLE_MODULES = YES;
				CODE_SIGN_STYLE = Automatic;
				DEFINES_MODULE = YES;
				DEVELOPMENT_TEAM = DM6YKWKWAC;
				DYLIB_COMPATIBILITY_VERSION = 1;
				DYLIB_CURRENT_VERSION = 1;
				DYLIB_INSTALL_NAME_BASE = "@rpath";
				INFOPLIST_FILE = CustomExtensions/Info.plist;
				INSTALL_PATH = "$(LOCAL_LIBRARY_DIR)/Frameworks";
				LD_RUNPATH_SEARCH_PATHS = (
					"$(inherited)",
					"@executable_path/Frameworks",
					"@loader_path/Frameworks",
				);
				PRODUCT_BUNDLE_IDENTIFIER = com.navjaybar.CustomExtensions;
				PRODUCT_NAME = "$(TARGET_NAME:c99extidentifier)";
				SKIP_INSTALL = YES;
				SWIFT_OPTIMIZATION_LEVEL = "-Onone";
				SWIFT_VERSION = 5.0;
				TARGETED_DEVICE_FAMILY = "1,2";
			};
			name = Debug;
		};
		9381F69125E9698100F225E8 /* Release */ = {
			isa = XCBuildConfiguration;
			buildSettings = {
				CLANG_ENABLE_MODULES = YES;
				CODE_SIGN_STYLE = Automatic;
				DEFINES_MODULE = YES;
				DEVELOPMENT_TEAM = DM6YKWKWAC;
				DYLIB_COMPATIBILITY_VERSION = 1;
				DYLIB_CURRENT_VERSION = 1;
				DYLIB_INSTALL_NAME_BASE = "@rpath";
				INFOPLIST_FILE = CustomExtensions/Info.plist;
				INSTALL_PATH = "$(LOCAL_LIBRARY_DIR)/Frameworks";
				LD_RUNPATH_SEARCH_PATHS = (
					"$(inherited)",
					"@executable_path/Frameworks",
					"@loader_path/Frameworks",
				);
				PRODUCT_BUNDLE_IDENTIFIER = com.navjaybar.CustomExtensions;
				PRODUCT_NAME = "$(TARGET_NAME:c99extidentifier)";
				SKIP_INSTALL = YES;
				SWIFT_VERSION = 5.0;
				TARGETED_DEVICE_FAMILY = "1,2";
			};
			name = Release;
		};
		9381F69325E9698100F225E8 /* Debug */ = {
			isa = XCBuildConfiguration;
			buildSettings = {
				ALWAYS_EMBED_SWIFT_STANDARD_LIBRARIES = YES;
				CODE_SIGN_STYLE = Automatic;
				DEVELOPMENT_TEAM = DM6YKWKWAC;
				INFOPLIST_FILE = CustomExtensionsTests/Info.plist;
				LD_RUNPATH_SEARCH_PATHS = (
					"$(inherited)",
					"@executable_path/Frameworks",
					"@loader_path/Frameworks",
				);
				PRODUCT_BUNDLE_IDENTIFIER = com.navjaybar.CustomExtensionsTests;
				PRODUCT_NAME = "$(TARGET_NAME)";
				SWIFT_VERSION = 5.0;
				TARGETED_DEVICE_FAMILY = "1,2";
			};
			name = Debug;
		};
		9381F69425E9698100F225E8 /* Release */ = {
			isa = XCBuildConfiguration;
			buildSettings = {
				ALWAYS_EMBED_SWIFT_STANDARD_LIBRARIES = YES;
				CODE_SIGN_STYLE = Automatic;
				DEVELOPMENT_TEAM = DM6YKWKWAC;
				INFOPLIST_FILE = CustomExtensionsTests/Info.plist;
				LD_RUNPATH_SEARCH_PATHS = (
					"$(inherited)",
					"@executable_path/Frameworks",
					"@loader_path/Frameworks",
				);
				PRODUCT_BUNDLE_IDENTIFIER = com.navjaybar.CustomExtensionsTests;
				PRODUCT_NAME = "$(TARGET_NAME)";
				SWIFT_VERSION = 5.0;
				TARGETED_DEVICE_FAMILY = "1,2";
			};
			name = Release;
		};
/* End XCBuildConfiguration section */

/* Begin XCConfigurationList section */
		9381F67525E9698000F225E8 /* Build configuration list for PBXProject "CustomExtensions" */ = {
			isa = XCConfigurationList;
			buildConfigurations = (
				9381F68D25E9698100F225E8 /* Debug */,
				9381F68E25E9698100F225E8 /* Release */,
			);
			defaultConfigurationIsVisible = 0;
			defaultConfigurationName = Release;
		};
		9381F68F25E9698100F225E8 /* Build configuration list for PBXNativeTarget "CustomExtensions" */ = {
			isa = XCConfigurationList;
			buildConfigurations = (
				9381F69025E9698100F225E8 /* Debug */,
				9381F69125E9698100F225E8 /* Release */,
			);
			defaultConfigurationIsVisible = 0;
			defaultConfigurationName = Release;
		};
		9381F69225E9698100F225E8 /* Build configuration list for PBXNativeTarget "CustomExtensionsTests" */ = {
			isa = XCConfigurationList;
			buildConfigurations = (
				9381F69325E9698100F225E8 /* Debug */,
				9381F69425E9698100F225E8 /* Release */,
			);
			defaultConfigurationIsVisible = 0;
			defaultConfigurationName = Release;
		};
/* End XCConfigurationList section */
	};
	rootObject = 9381F67225E9698000F225E8 /* Project object */;
}
